Microsoft Visual Studio Solution File, Format Version 12.00
# Visual Studio 15
VisualStudioVersion = 15.0.26228.9
MinimumVisualStudioVersion = 10.0.40219.1
Project("{FAE04EC0-301F-11D3-BF4B-00C04F79EFBC}") = "MySabino", "MySabino\MySabino.csproj", "{CDEA1E41-C350-42F9-B1B1-9053ED59D354}"
EndProject
Project("{FAE04EC0-301F-11D3-BF4B-00C04F79EFBC}") = "MySabino.iOS", "iOS\MySabino.iOS.csproj", "{95F0AFB5-DA6E-43CD-80BC-E9E1ECB7AD17}"
EndProject
Project("{FAE04EC0-301F-11D3-BF4B-00C04F79EFBC}") = "MySabino.Droid", "Droid\MySabino.Droid.csproj", "{BD0ED21C-E788-4F10-BA62-0359A9ACC836}"
EndProject
Global
	GlobalSection(SolutionConfigurationPlatforms) = preSolution
		Debug|Any CPU = Debug|Any CPU
		Debug|iPhone = Debug|iPhone
		Debug|iPhoneSimulator = Debug|iPhoneSimulator
		Release|Any CPU = Release|Any CPU
		Release|iPhone = Release|iPhone
		Release|iPhoneSimulator = Release|iPhoneSimulator
	EndGlobalSection
	GlobalSection(ProjectConfigurationPlatforms) = postSolution
		{CDEA1E41-C350-42F9-B1B1-9053ED59D354}.Debug|Any CPU.ActiveCfg = Debug|Any CPU
		{CDEA1E41-C350-42F9-B1B1-9053ED59D354}.Debug|Any CPU.Build.0 = Debug|Any CPU
		{CDEA1E41-C350-42F9-B1B1-9053ED59D354}.Debug|iPhone.ActiveCfg = Debug|Any CPU
		{CDEA1E41-C350-42F9-B1B1-9053ED59D354}.Debug|iPhone.Build.0 = Debug|Any CPU
		{CDEA1E41-C350-42F9-B1B1-9053ED59D354}.Debug|iPhoneSimulator.ActiveCfg = Debug|Any CPU
		{CDEA1E41-C350-42F9-B1B1-9053ED59D354}.Debug|iPhoneSimulator.Build.0 = Debug|Any CPU
		{CDEA1E41-C350-42F9-B1B1-9053ED59D354}.Release|Any CPU.ActiveCfg = Release|Any CPU
		{CDEA1E41-C350-42F9-B1B1-9053ED59D354}.Release|Any CPU.Build.0 = Release|Any CPU
		{CDEA1E41-C350-42F9-B1B1-9053ED59D354}.Release|iPhone.ActiveCfg = Release|Any CPU
		{CDEA1E41-C350-42F9-B1B1-9053ED59D354}.Release|iPhone.Build.0 = Release|Any CPU
		{CDEA1E41-C350-42F9-B1B1-9053ED59D354}.Release|iPhoneSimulator.ActiveCfg = Release|Any CPU
		{CDEA1E41-C350-42F9-B1B1-9053ED59D354}.Release|iPhoneSimulator.Build.0 = Release|Any CPU
		{95F0AFB5-DA6E-43CD-80BC-E9E1ECB7AD17}.Debug|Any CPU.ActiveCfg = Debug|iPhoneSimulator
		{95F0AFB5-DA6E-43CD-80BC-E9E1ECB7AD17}.Debug|Any CPU.Build.0 = Debug|iPhoneSimulator
		{95F0AFB5-DA6E-43CD-80BC-E9E1ECB7AD17}.Debug|iPhone.ActiveCfg = Debug|iPhone
		{95F0AFB5-DA6E-43CD-80BC-E9E1ECB7AD17}.Debug|iPhone.Build.0 = Debug|iPhone
		{95F0AFB5-DA6E-43CD-80BC-E9E1ECB7AD17}.Debug|iPhoneSimulator.ActiveCfg = Debug|iPhoneSimulator
		{95F0AFB5-DA6E-43CD-80BC-E9E1ECB7AD17}.Debug|iPhoneSimulator.Build.0 = Debug|iPhoneSimulator
		{95F0AFB5-DA6E-43CD-80BC-E9E1ECB7AD17}.Release|Any CPU.ActiveCfg = Release|iPhone
		{95F0AFB5-DA6E-43CD-80BC-E9E1ECB7AD17}.Release|Any CPU.Build.0 = Release|iPhone
		{95F0AFB5-DA6E-43CD-80BC-E9E1ECB7AD17}.Release|iPhone.ActiveCfg = Release|iPhone
		{95F0AFB5-DA6E-43CD-80BC-E9E1ECB7AD17}.Release|iPhone.Build.0 = Release|iPhone
		{95F0AFB5-DA6E-43CD-80BC-E9E1ECB7AD17}.Release|iPhoneSimulator.ActiveCfg = Release|iPhoneSimulator
		{95F0AFB5-DA6E-43CD-80BC-E9E1ECB7AD17}.Release|iPhoneSimulator.Build.0 = Release|iPhoneSimulator
		{BD0ED21C-E788-4F10-BA62-0359A9ACC836}.Debug|Any CPU.ActiveCfg = Debug|Any CPU
		{BD0ED21C-E788-4F10-BA62-0359A9ACC836}.Debug|Any CPU.Build.0 = Debug|Any CPU
		{BD0ED21C-E788-4F10-BA62-0359A9ACC836}.Debug|Any CPU.Deploy.0 = Debug|Any CPU
		{BD0ED21C-E788-4F10-BA62-0359A9ACC836}.Debug|iPhone.ActiveCfg = Debug|Any CPU
		{BD0ED21C-E788-4F10-BA62-0359A9ACC836}.Debug|iPhone.Build.0 = Debug|Any CPU
		{BD0ED21C-E788-4F10-BA62-0359A9ACC836}.Debug|iPhoneSimulator.ActiveCfg = Debug|Any CPU
		{BD0ED21C-E788-4F10-BA62-0359A9ACC836}.Debug|iPhoneSimulator.Build.0 = Debug|Any CPU
		{BD0ED21C-E788-4F10-BA62-0359A9ACC836}.Release|Any CPU.ActiveCfg = Release|Any CPU
		{BD0ED21C-E788-4F10-BA62-0359A9ACC836}.Release|Any CPU.Build.0 = Release|Any CPU
		{BD0ED21C-E788-4F10-BA62-0359A9ACC836}.Release|iPhone.ActiveCfg = Release|Any CPU
		{BD0ED21C-E788-4F10-BA62-0359A9ACC836}.Release|iPhone.Build.0 = Release|Any CPU
		{BD0ED21C-E788-4F10-BA62-0359A9ACC836}.Release|iPhoneSimulator.ActiveCfg = Release|Any CPU
		{BD0ED21C-E788-4F10-BA62-0359A9ACC836}.Release|iPhoneSimulator.Build.0 = Release|Any CPU
	EndGlobalSection
	GlobalSection(SolutionProperties) = preSolution
		HideSolutionNode = FALSE
	EndGlobalSection
EndGlobal
